
Microsoft Visual Studio Solution File, Format Version 12.00
# Visual Studio Version 17
VisualStudioVersion = 17.1.32421.90
MinimumVisualStudioVersion = 10.0.40219.1
Project("{8BC9CEB8-8B4A-11D0-8D11-00A0C91BC942}") = "dynamic_programming_LCS_problem", "dynamic_programming_LCS_problem\dynamic_programming_LCS_problem.vcxproj", "{B80A4322-F910-414E-B4F5-39D7D55693A2}"
EndProject
Global
	GlobalSection(SolutionConfigurationPlatforms) = preSolution
		Debug|x64 = Debug|x64
		Debug|x86 = Debug|x86
		Release|x64 = Release|x64
		Release|x86 = Release|x86
	EndGlobalSection
	GlobalSection(ProjectConfigurationPlatforms) = postSolution
		{B80A4322-F910-414E-B4F5-39D7D55693A2}.Debug|x64.ActiveCfg = Debug|x64
		{B80A4322-F910-414E-B4F5-39D7D55693A2}.Debug|x64.Build.0 = Debug|x64
		{B80A4322-F910-414E-B4F5-39D7D55693A2}.Debug|x86.ActiveCfg = Debug|Win32
		{B80A4322-F910-414E-B4F5-39D7D55693A2}.Debug|x86.Build.0 = Debug|Win32
		{B80A4322-F910-414E-B4F5-39D7D55693A2}.Release|x64.ActiveCfg = Release|x64
		{B80A4322-F910-414E-B4F5-39D7D55693A2}.Release|x64.Build.0 = Release|x64
		{B80A4322-F910-414E-B4F5-39D7D55693A2}.Release|x86.ActiveCfg = Release|Win32
		{B80A4322-F910-414E-B4F5-39D7D55693A2}.Release|x86.Build.0 = Release|Win32
	EndGlobalSection
	GlobalSection(SolutionProperties) = preSolution
		HideSolutionNode = FALSE
	EndGlobalSection
	GlobalSection(ExtensibilityGlobals) = postSolution
		SolutionGuid = {659CD88D-6479-4D92-A84F-876E82807A37}
	EndGlobalSection
EndGlobal
